// !$*UTF8*$!
{
	archiveVersion = 1;
	classes = {
	};
	objectVersion = 50;
	objects = {

/* Begin PBXBuildFile section */
		834BB7572113B77B0072069F /* AppDelegate.swift in Sources */ = {isa = PBXBuildFile; fileRef = 834BB7562113B77B0072069F /* AppDelegate.swift */; };
		834BB75C2113B77B0072069F /* Main.storyboard in Resources */ = {isa = PBXBuildFile; fileRef = 834BB75A2113B77B0072069F /* Main.storyboard */; };
		834BB75E2113B77C0072069F /* Assets.xcassets in Resources */ = {isa = PBXBuildFile; fileRef = 834BB75D2113B77C0072069F /* Assets.xcassets */; };
		834BB7612113B77C0072069F /* LaunchScreen.storyboard in Resources */ = {isa = PBXBuildFile; fileRef = 834BB75F2113B77C0072069F /* LaunchScreen.storyboard */; };
		834BB7692113B7A70072069F /* GoogleService-Info.plist in Resources */ = {isa = PBXBuildFile; fileRef = 834BB7682113B7A70072069F /* GoogleService-Info.plist */; };
		834BB76B2113B9A90072069F /* LoginViewController.swift in Sources */ = {isa = PBXBuildFile; fileRef = 834BB76A2113B9A90072069F /* LoginViewController.swift */; };
		834BB76F2113B9D10072069F /* CreateProfileViewController.swift in Sources */ = {isa = PBXBuildFile; fileRef = 834BB76E2113B9D10072069F /* CreateProfileViewController.swift */; };
		834BB7712113B9DD0072069F /* FeedViewController.swift in Sources */ = {isa = PBXBuildFile; fileRef = 834BB7702113B9DD0072069F /* FeedViewController.swift */; };
		834BB7732113B9E60072069F /* CameraViewController.swift in Sources */ = {isa = PBXBuildFile; fileRef = 834BB7722113B9E60072069F /* CameraViewController.swift */; };
		834BB7752113B9EE0072069F /* SettingsViewController.swift in Sources */ = {isa = PBXBuildFile; fileRef = 834BB7742113B9EE0072069F /* SettingsViewController.swift */; };
		834BB7772113D94B0072069F /* MainTabBarController.swift in Sources */ = {isa = PBXBuildFile; fileRef = 834BB7762113D94B0072069F /* MainTabBarController.swift */; };
		834BB7A321151AFD0072069F /* PhotoUser.swift in Sources */ = {isa = PBXBuildFile; fileRef = 834BB7A221151AFD0072069F /* PhotoUser.swift */; };
		834BB7A521151B260072069F /* UserService.swift in Sources */ = {isa = PBXBuildFile; fileRef = 834BB7A421151B260072069F /* UserService.swift */; };
		834BB7AB211545FB0072069F /* LocalStorageService.swift in Sources */ = {isa = PBXBuildFile; fileRef = 834BB7AA211545FB0072069F /* LocalStorageService.swift */; };
		83520E0721249FB700D815DE /* Constants.swift in Sources */ = {isa = PBXBuildFile; fileRef = 83520E0621249FB700D815DE /* Constants.swift */; };
		83520E092124A06E00D815DE /* Extensions.swift in Sources */ = {isa = PBXBuildFile; fileRef = 83520E082124A06E00D815DE /* Extensions.swift */; };
		83520E0E2124D8B800D815DE /* Photo.swift in Sources */ = {isa = PBXBuildFile; fileRef = 83520E0D2124D8B800D815DE /* Photo.swift */; };
		83520E102124D93200D815DE /* PhotoService.swift in Sources */ = {isa = PBXBuildFile; fileRef = 83520E0F2124D93200D815DE /* PhotoService.swift */; };
		83B4BB5F212E26C800427D6C /* PhotoCell.swift in Sources */ = {isa = PBXBuildFile; fileRef = 83B4BB5E212E26C800427D6C /* PhotoCell.swift */; };
		9CB54BE9286C1F255B2A00AF /* Pods_PhotoApp2.framework in Frameworks */ = {isa = PBXBuildFile; fileRef = 65E67F1263F93015B08F0949 /* Pods_PhotoApp2.framework */; };
/* End PBXBuildFile section */

/* Begin PBXFileReference section */
		18E9432E58ACC78BD57D3A8B /* Pods-PhotoApp2.debug.xcconfig */ = {isa = PBXFileReference; includeInIndex = 1; lastKnownFileType = text.xcconfig; name = "Pods-PhotoApp2.debug.xcconfig"; path = "Pods/Target Support Files/Pods-PhotoApp2/Pods-PhotoApp2.debug.xcconfig"; sourceTree = "<group>"; };
		65E67F1263F93015B08F0949 /* Pods_PhotoApp2.framework */ = {isa = PBXFileReference; explicitFileType = wrapper.framework; includeInIndex = 0; path = Pods_PhotoApp2.framework; sourceTree = BUILT_PRODUCTS_DIR; };
		834BB7532113B77B0072069F /* PhotoApp2.app */ = {isa = PBXFileReference; explicitFileType = wrapper.application; includeInIndex = 0; path = PhotoApp2.app; sourceTree = BUILT_PRODUCTS_DIR; };
		834BB7562113B77B0072069F /* AppDelegate.swift */ = {isa = PBXFileReference; lastKnownFileType = sourcecode.swift; path = AppDelegate.swift; sourceTree = "<group>"; };
		834BB75B2113B77B0072069F /* Base */ = {isa = PBXFileReference; lastKnownFileType = file.storyboard; name = Base; path = Base.lproj/Main.storyboard; sourceTree = "<group>"; };
		834BB75D2113B77C0072069F /* Assets.xcassets */ = {isa = PBXFileReference; lastKnownFileType = folder.assetcatalog; path = Assets.xcassets; sourceTree = "<group>"; };
		834BB7602113B77C0072069F /* Base */ = {isa = PBXFileReference; lastKnownFileType = file.storyboard; name = Base; path = Base.lproj/LaunchScreen.storyboard; sourceTree = "<group>"; };
		834BB7622113B77C0072069F /* Info.plist */ = {isa = PBXFileReference; lastKnownFileType = text.plist.xml; path = Info.plist; sourceTree = "<group>"; };
		834BB7682113B7A70072069F /* GoogleService-Info.plist */ = {isa = PBXFileReference; fileEncoding = 4; lastKnownFileType = text.plist.xml; path = "GoogleService-Info.plist"; sourceTree = "<group>"; };
		834BB76A2113B9A90072069F /* LoginViewController.swift */ = {isa = PBXFileReference; lastKnownFileType = sourcecode.swift; path = LoginViewController.swift; sourceTree = "<group>"; };
		834BB76E2113B9D10072069F /* CreateProfileViewController.swift */ = {isa = PBXFileReference; lastKnownFileType = sourcecode.swift; path = CreateProfileViewController.swift; sourceTree = "<group>"; };
		834BB7702113B9DD0072069F /* FeedViewController.swift */ = {isa = PBXFileReference; lastKnownFileType = sourcecode.swift; path = FeedViewController.swift; sourceTree = "<group>"; };
		834BB7722113B9E60072069F /* CameraViewController.swift */ = {isa = PBXFileReference; lastKnownFileType = sourcecode.swift; path = CameraViewController.swift; sourceTree = "<group>"; };
		834BB7742113B9EE0072069F /* SettingsViewController.swift */ = {isa = PBXFileReference; lastKnownFileType = sourcecode.swift; path = SettingsViewController.swift; sourceTree = "<group>"; };
		834BB7762113D94B0072069F /* MainTabBarController.swift */ = {isa = PBXFileReference; lastKnownFileType = sourcecode.swift; path = MainTabBarController.swift; sourceTree = "<group>"; };
		834BB7A221151AFD0072069F /* PhotoUser.swift */ = {isa = PBXFileReference; lastKnownFileType = sourcecode.swift; path = PhotoUser.swift; sourceTree = "<group>"; };
		834BB7A421151B260072069F /* UserService.swift */ = {isa = PBXFileReference; lastKnownFileType = sourcecode.swift; path = UserService.swift; sourceTree = "<group>"; };
		834BB7AA211545FB0072069F /* LocalStorageService.swift */ = {isa = PBXFileReference; lastKnownFileType = sourcecode.swift; path = LocalStorageService.swift; sourceTree = "<group>"; };
		83520E0621249FB700D815DE /* Constants.swift */ = {isa = PBXFileReference; lastKnownFileType = sourcecode.swift; path = Constants.swift; sourceTree = "<group>"; };
		83520E082124A06E00D815DE /* Extensions.swift */ = {isa = PBXFileReference; lastKnownFileType = sourcecode.swift; path = Extensions.swift; sourceTree = "<group>"; };
		83520E0D2124D8B800D815DE /* Photo.swift */ = {isa = PBXFileReference; lastKnownFileType = sourcecode.swift; path = Photo.swift; sourceTree = "<group>"; };
		83520E0F2124D93200D815DE /* PhotoService.swift */ = {isa = PBXFileReference; lastKnownFileType = sourcecode.swift; path = PhotoService.swift; sourceTree = "<group>"; };
		83B4BB5E212E26C800427D6C /* PhotoCell.swift */ = {isa = PBXFileReference; lastKnownFileType = sourcecode.swift; path = PhotoCell.swift; sourceTree = "<group>"; };
		BB01B507BBEA8A9B54F5E11E /* Pods-PhotoApp2.release.xcconfig */ = {isa = PBXFileReference; includeInIndex = 1; lastKnownFileType = text.xcconfig; name = "Pods-PhotoApp2.release.xcconfig"; path = "Pods/Target Support Files/Pods-PhotoApp2/Pods-PhotoApp2.release.xcconfig"; sourceTree = "<group>"; };
/* End PBXFileReference section */

/* Begin PBXFrameworksBuildPhase section */
		834BB7502113B77B0072069F /* Frameworks */ = {
			isa = PBXFrameworksBuildPhase;
			buildActionMask = 2147483647;
			files = (
				9CB54BE9286C1F255B2A00AF /* Pods_PhotoApp2.framework in Frameworks */,
			);
			runOnlyForDeploymentPostprocessing = 0;
		};
/* End PBXFrameworksBuildPhase section */

/* Begin PBXGroup section */
		834BB74A2113B77B0072069F = {
			isa = PBXGroup;
			children = (
				834BB7552113B77B0072069F /* PhotoApp2 */,
				834BB7542113B77B0072069F /* Products */,
				A121B561634797DACEA4F528 /* Pods */,
				92B4FC2623539AA8BA8E06CA /* Frameworks */,
			);
			sourceTree = "<group>";
		};
		834BB7542113B77B0072069F /* Products */ = {
			isa = PBXGroup;
			children = (
				834BB7532113B77B0072069F /* PhotoApp2.app */,
			);
			name = Products;
			sourceTree = "<group>";
		};
		834BB7552113B77B0072069F /* PhotoApp2 */ = {
			isa = PBXGroup;
			children = (
				834BB7562113B77B0072069F /* AppDelegate.swift */,
				83520E0421249F9100D815DE /* Extensions */,
				834BB7A02113F53C0072069F /* Services */,
				83520E0521249F9800D815DE /* Helpers */,
				834BB79F2113F5360072069F /* Models */,
				834BB79E2113F52F0072069F /* Views */,
				834BB79D2113F51E0072069F /* StoryBoard */,
				834BB79C2113F4EA0072069F /* View Controllers */,
				834BB75D2113B77C0072069F /* Assets.xcassets */,
				834BB7622113B77C0072069F /* Info.plist */,
				834BB7682113B7A70072069F /* GoogleService-Info.plist */,
			);
			path = PhotoApp2;
			sourceTree = "<group>";
		};
		834BB79C2113F4EA0072069F /* View Controllers */ = {
			isa = PBXGroup;
			children = (
				834BB76A2113B9A90072069F /* LoginViewController.swift */,
				834BB76E2113B9D10072069F /* CreateProfileViewController.swift */,
				834BB7702113B9DD0072069F /* FeedViewController.swift */,
				834BB7722113B9E60072069F /* CameraViewController.swift */,
				834BB7742113B9EE0072069F /* SettingsViewController.swift */,
				834BB7762113D94B0072069F /* MainTabBarController.swift */,
			);
			path = "View Controllers";
			sourceTree = "<group>";
		};
		834BB79D2113F51E0072069F /* StoryBoard */ = {
			isa = PBXGroup;
			children = (
				834BB75A2113B77B0072069F /* Main.storyboard */,
				834BB75F2113B77C0072069F /* LaunchScreen.storyboard */,
			);
			path = StoryBoard;
			sourceTree = "<group>";
		};
		834BB79E2113F52F0072069F /* Views */ = {
			isa = PBXGroup;
			children = (
				83B4BB5E212E26C800427D6C /* PhotoCell.swift */,
			);
			path = Views;
			sourceTree = "<group>";
		};
		834BB79F2113F5360072069F /* Models */ = {
			isa = PBXGroup;
			children = (
				834BB7A221151AFD0072069F /* PhotoUser.swift */,
				83520E0D2124D8B800D815DE /* Photo.swift */,
			);
			path = Models;
			sourceTree = "<group>";
		};
		834BB7A02113F53C0072069F /* Services */ = {
			isa = PBXGroup;
			children = (
				834BB7AA211545FB0072069F /* LocalStorageService.swift */,
				834BB7A421151B260072069F /* UserService.swift */,
				83520E0F2124D93200D815DE /* PhotoService.swift */,
			);
			path = Services;
			sourceTree = "<group>";
		};
		83520E0421249F9100D815DE /* Extensions */ = {
			isa = PBXGroup;
			children = (
				83520E082124A06E00D815DE /* Extensions.swift */,
			);
			path = Extensions;
			sourceTree = "<group>";
		};
		83520E0521249F9800D815DE /* Helpers */ = {
			isa = PBXGroup;
			children = (
				83520E0621249FB700D815DE /* Constants.swift */,
			);
			path = Helpers;
			sourceTree = "<group>";
		};
		92B4FC2623539AA8BA8E06CA /* Frameworks */ = {
			isa = PBXGroup;
			children = (
				65E67F1263F93015B08F0949 /* Pods_PhotoApp2.framework */,
			);
			name = Frameworks;
			sourceTree = "<group>";
		};
		A121B561634797DACEA4F528 /* Pods */ = {
			isa = PBXGroup;
			children = (
				18E9432E58ACC78BD57D3A8B /* Pods-PhotoApp2.debug.xcconfig */,
				BB01B507BBEA8A9B54F5E11E /* Pods-PhotoApp2.release.xcconfig */,
			);
			name = Pods;
			sourceTree = "<group>";
		};
/* End PBXGroup section */

/* Begin PBXNativeTarget section */
		834BB7522113B77B0072069F /* PhotoApp2 */ = {
			isa = PBXNativeTarget;
			buildConfigurationList = 834BB7652113B77C0072069F /* Build configuration list for PBXNativeTarget "PhotoApp2" */;
			buildPhases = (
				BED6A43FEC21F07DBC9B0E4A /* [CP] Check Pods Manifest.lock */,
				834BB74F2113B77B0072069F /* Sources */,
				834BB7502113B77B0072069F /* Frameworks */,
				834BB7512113B77B0072069F /* Resources */,
				553EA73FEB05D37906B69941 /* [CP] Embed Pods Frameworks */,
				DA3F5182857EFEB94DFD2F23 /* [CP] Copy Pods Resources */,
			);
			buildRules = (
			);
			dependencies = (
			);
			name = PhotoApp2;
			productName = PhotoApp2;
			productReference = 834BB7532113B77B0072069F /* PhotoApp2.app */;
			productType = "com.apple.product-type.application";
		};
/* End PBXNativeTarget section */

/* Begin PBXProject section */
		834BB74B2113B77B0072069F /* Project object */ = {
			isa = PBXProject;
			attributes = {
				LastSwiftUpdateCheck = 0940;
				LastUpgradeCheck = 0940;
				ORGANIZATIONNAME = "kuronuma studios";
				TargetAttributes = {
					834BB7522113B77B0072069F = {
						CreatedOnToolsVersion = 9.4.1;
					};
				};
			};
			buildConfigurationList = 834BB74E2113B77B0072069F /* Build configuration list for PBXProject "PhotoApp2" */;
			compatibilityVersion = "Xcode 9.3";
			developmentRegion = en;
			hasScannedForEncodings = 0;
			knownRegions = (
				en,
				Base,
			);
			mainGroup = 834BB74A2113B77B0072069F;
			productRefGroup = 834BB7542113B77B0072069F /* Products */;
			projectDirPath = "";
			projectRoot = "";
			targets = (
				834BB7522113B77B0072069F /* PhotoApp2 */,
			);
		};
/* End PBXProject section */

/* Begin PBXResourcesBuildPhase section */
		834BB7512113B77B0072069F /* Resources */ = {
			isa = PBXResourcesBuildPhase;
			buildActionMask = 2147483647;
			files = (
				834BB7692113B7A70072069F /* GoogleService-Info.plist in Resources */,
				834BB7612113B77C0072069F /* LaunchScreen.storyboard in Resources */,
				834BB75E2113B77C0072069F /* Assets.xcassets in Resources */,
				834BB75C2113B77B0072069F /* Main.storyboard in Resources */,
			);
			runOnlyForDeploymentPostprocessing = 0;
		};
/* End PBXResourcesBuildPhase section */

/* Begin PBXShellScriptBuildPhase section */
		553EA73FEB05D37906B69941 /* [CP] Embed Pods Frameworks */ = {
			isa = PBXShellScriptBuildPhase;
			buildActionMask = 2147483647;
			files = (
			);
			inputPaths = (
				"${SRCROOT}/Pods/Target Support Files/Pods-PhotoApp2/Pods-PhotoApp2-frameworks.sh",
				"${BUILT_PRODUCTS_DIR}/GTMSessionFetcher/GTMSessionFetcher.framework",
				"${BUILT_PRODUCTS_DIR}/GoogleToolboxForMac/GoogleToolboxForMac.framework",
				"${BUILT_PRODUCTS_DIR}/SDWebImage/SDWebImage.framework",
				"${BUILT_PRODUCTS_DIR}/UICircularProgressRing/UICircularProgressRing.framework",
				"${BUILT_PRODUCTS_DIR}/leveldb-library/leveldb.framework",
				"${BUILT_PRODUCTS_DIR}/nanopb/nanopb.framework",
			);
			name = "[CP] Embed Pods Frameworks";
			outputPaths = (
				"${TARGET_BUILD_DIR}/${FRAMEWORKS_FOLDER_PATH}/GTMSessionFetcher.framework",
				"${TARGET_BUILD_DIR}/${FRAMEWORKS_FOLDER_PATH}/GoogleToolboxForMac.framework",
				"${TARGET_BUILD_DIR}/${FRAMEWORKS_FOLDER_PATH}/SDWebImage.framework",
				"${TARGET_BUILD_DIR}/${FRAMEWORKS_FOLDER_PATH}/UICircularProgressRing.framework",
				"${TARGET_BUILD_DIR}/${FRAMEWORKS_FOLDER_PATH}/leveldb.framework",
				"${TARGET_BUILD_DIR}/${FRAMEWORKS_FOLDER_PATH}/nanopb.framework",
			);
			runOnlyForDeploymentPostprocessing = 0;
			shellPath = /bin/sh;
			shellScript = "\"${SRCROOT}/Pods/Target Support Files/Pods-PhotoApp2/Pods-PhotoApp2-frameworks.sh\"\n";
			showEnvVarsInLog = 0;
		};
		BED6A43FEC21F07DBC9B0E4A /* [CP] Check Pods Manifest.lock */ = {
			isa = PBXShellScriptBuildPhase;
			buildActionMask = 2147483647;
			files = (
			);
			inputPaths = (
				"${PODS_PODFILE_DIR_PATH}/Podfile.lock",
				"${PODS_ROOT}/Manifest.lock",
			);
			name = "[CP] Check Pods Manifest.lock";
			outputPaths = (
				"$(DERIVED_FILE_DIR)/Pods-PhotoApp2-checkManifestLockResult.txt",
			);
			runOnlyForDeploymentPostprocessing = 0;
			shellPath = /bin/sh;
			shellScript = "diff \"${PODS_PODFILE_DIR_PATH}/Podfile.lock\" \"${PODS_ROOT}/Manifest.lock\" > /dev/null\nif [ $? != 0 ] ; then\n    # print error to STDERR\n    echo \"error: The sandbox is not in sync with the Podfile.lock. Run 'pod install' or update your CocoaPods installation.\" >&2\n    exit 1\nfi\n# This output is used by Xcode 'outputs' to avoid re-running this script phase.\necho \"SUCCESS\" > \"${SCRIPT_OUTPUT_FILE_0}\"\n";
			showEnvVarsInLog = 0;
		};
		DA3F5182857EFEB94DFD2F23 /* [CP] Copy Pods Resources */ = {
			isa = PBXShellScriptBuildPhase;
			buildActionMask = 2147483647;
			files = (
			);
			inputPaths = (
				"${SRCROOT}/Pods/Target Support Files/Pods-PhotoApp2/Pods-PhotoApp2-resources.sh",
				"${PODS_CONFIGURATION_BUILD_DIR}/FirebaseUI/FirebaseAuthUI.bundle",
			);
			name = "[CP] Copy Pods Resources";
			outputPaths = (
				"${TARGET_BUILD_DIR}/${UNLOCALIZED_RESOURCES_FOLDER_PATH}/FirebaseAuthUI.bundle",
			);
			runOnlyForDeploymentPostprocessing = 0;
			shellPath = /bin/sh;
			shellScript = "\"${SRCROOT}/Pods/Target Support Files/Pods-PhotoApp2/Pods-PhotoApp2-resources.sh\"\n";
			showEnvVarsInLog = 0;
		};
/* End PBXShellScriptBuildPhase section */

/* Begin PBXSourcesBuildPhase section */
		834BB74F2113B77B0072069F /* Sources */ = {
			isa = PBXSourcesBuildPhase;
			buildActionMask = 2147483647;
			files = (
				834BB76B2113B9A90072069F /* LoginViewController.swift in Sources */,
				83B4BB5F212E26C800427D6C /* PhotoCell.swift in Sources */,
				83520E0721249FB700D815DE /* Constants.swift in Sources */,
				834BB7AB211545FB0072069F /* LocalStorageService.swift in Sources */,
				83520E092124A06E00D815DE /* Extensions.swift in Sources */,
				834BB7732113B9E60072069F /* CameraViewController.swift in Sources */,
				834BB7A521151B260072069F /* UserService.swift in Sources */,
				83520E102124D93200D815DE /* PhotoService.swift in Sources */,
				834BB76F2113B9D10072069F /* CreateProfileViewController.swift in Sources */,
				83520E0E2124D8B800D815DE /* Photo.swift in Sources */,
				834BB7A321151AFD0072069F /* PhotoUser.swift in Sources */,
				834BB7772113D94B0072069F /* MainTabBarController.swift in Sources */,
				834BB7712113B9DD0072069F /* FeedViewController.swift in Sources */,
				834BB7572113B77B0072069F /* AppDelegate.swift in Sources */,
				834BB7752113B9EE0072069F /* SettingsViewController.swift in Sources */,
			);
			runOnlyForDeploymentPostprocessing = 0;
		};
/* End PBXSourcesBuildPhase section */

/* Begin PBXVariantGroup section */
		834BB75A2113B77B0072069F /* Main.storyboard */ = {
			isa = PBXVariantGroup;
			children = (
				834BB75B2113B77B0072069F /* Base */,
			);
			name = Main.storyboard;
			sourceTree = "<group>";
		};
		834BB75F2113B77C0072069F /* LaunchScreen.storyboard */ = {
			isa = PBXVariantGroup;
			children = (
				834BB7602113B77C0072069F /* Base */,
			);
			name = LaunchScreen.storyboard;
			sourceTree = "<group>";
		};
/* End PBXVariantGroup section */

/* Begin XCBuildConfiguration section */
		834BB7632113B77C0072069F /* Debug */ = {
			isa = XCBuildConfiguration;
			buildSettings = {
				ALWAYS_SEARCH_USER_PATHS = NO;
				CLANG_ANALYZER_NONNULL = YES;
				CLANG_ANALYZER_NUMBER_OBJECT_CONVERSION = YES_AGGRESSIVE;
				CLANG_CXX_LANGUAGE_STANDARD = "gnu++14";
				CLANG_CXX_LIBRARY = "libc++";
				CLANG_ENABLE_MODULES = YES;
				CLANG_ENABLE_OBJC_ARC = YES;
				CLANG_ENABLE_OBJC_WEAK = YES;
				CLANG_WARN_BLOCK_CAPTURE_AUTORELEASING = YES;
				CLANG_WARN_BOOL_CONVERSION = YES;
				CLANG_WARN_COMMA = YES;
				CLANG_WARN_CONSTANT_CONVERSION = YES;
				CLANG_WARN_DEPRECATED_OBJC_IMPLEMENTATIONS = YES;
				CLANG_WARN_DIRECT_OBJC_ISA_USAGE = YES_ERROR;
				CLANG_WARN_DOCUMENTATION_COMMENTS = YES;
				CLANG_WARN_EMPTY_BODY = YES;
				CLANG_WARN_ENUM_CONVERSION = YES;
				CLANG_WARN_INFINITE_RECURSION = YES;
				CLANG_WARN_INT_CONVERSION = YES;
				CLANG_WARN_NON_LITERAL_NULL_CONVERSION = YES;
				CLANG_WARN_OBJC_IMPLICIT_RETAIN_SELF = YES;
				CLANG_WARN_OBJC_LITERAL_CONVERSION = YES;
				CLANG_WARN_OBJC_ROOT_CLASS = YES_ERROR;
				CLANG_WARN_RANGE_LOOP_ANALYSIS = YES;
				CLANG_WARN_STRICT_PROTOTYPES = YES;
				CLANG_WARN_SUSPICIOUS_MOVE = YES;
				CLANG_WARN_UNGUARDED_AVAILABILITY = YES_AGGRESSIVE;
				CLANG_WARN_UNREACHABLE_CODE = YES;
				CLANG_WARN__DUPLICATE_METHOD_MATCH = YES;
				CODE_SIGN_IDENTITY = "iPhone Developer";
				COPY_PHASE_STRIP = NO;
				DEBUG_INFORMATION_FORMAT = dwarf;
				ENABLE_STRICT_OBJC_MSGSEND = YES;
				ENABLE_TESTABILITY = YES;
				GCC_C_LANGUAGE_STANDARD = gnu11;
				GCC_DYNAMIC_NO_PIC = NO;
				GCC_NO_COMMON_BLOCKS = YES;
				GCC_OPTIMIZATION_LEVEL = 0;
				GCC_PREPROCESSOR_DEFINITIONS = (
					"DEBUG=1",
					"$(inherited)",
				);
				GCC_WARN_64_TO_32_BIT_CONVERSION = YES;
				GCC_WARN_ABOUT_RETURN_TYPE = YES_ERROR;
				GCC_WARN_UNDECLARED_SELECTOR = YES;
				GCC_WARN_UNINITIALIZED_AUTOS = YES_AGGRESSIVE;
				GCC_WARN_UNUSED_FUNCTION = YES;
				GCC_WARN_UNUSED_VARIABLE = YES;
				IPHONEOS_DEPLOYMENT_TARGET = 11.4;
				MTL_ENABLE_DEBUG_INFO = YES;
				ONLY_ACTIVE_ARCH = YES;
				SDKROOT = iphoneos;
				SWIFT_ACTIVE_COMPILATION_CONDITIONS = DEBUG;
				SWIFT_OPTIMIZATION_LEVEL = "-Onone";
			};
			name = Debug;
		};
		834BB7642113B77C0072069F /* Release */ = {
			isa = XCBuildConfiguration;
			buildSettings = {
				ALWAYS_SEARCH_USER_PATHS = NO;
				CLANG_ANALYZER_NONNULL = YES;
				CLANG_ANALYZER_NUMBER_OBJECT_CONVERSION = YES_AGGRESSIVE;
				CLANG_CXX_LANGUAGE_STANDARD = "gnu++14";
				CLANG_CXX_LIBRARY = "libc++";
				CLANG_ENABLE_MODULES = YES;
				CLANG_ENABLE_OBJC_ARC = YES;
				CLANG_ENABLE_OBJC_WEAK = YES;
				CLANG_WARN_BLOCK_CAPTURE_AUTORELEASING = YES;
				CLANG_WARN_BOOL_CONVERSION = YES;
				CLANG_WARN_COMMA = YES;
				CLANG_WARN_CONSTANT_CONVERSION = YES;
				CLANG_WARN_DEPRECATED_OBJC_IMPLEMENTATIONS = YES;
				CLANG_WARN_DIRECT_OBJC_ISA_USAGE = YES_ERROR;
				CLANG_WARN_DOCUMENTATION_COMMENTS = YES;
				CLANG_WARN_EMPTY_BODY = YES;
				CLANG_WARN_ENUM_CONVERSION = YES;
				CLANG_WARN_INFINITE_RECURSION = YES;
				CLANG_WARN_INT_CONVERSION = YES;
				CLANG_WARN_NON_LITERAL_NULL_CONVERSION = YES;
				CLANG_WARN_OBJC_IMPLICIT_RETAIN_SELF = YES;
				CLANG_WARN_OBJC_LITERAL_CONVERSION = YES;
				CLANG_WARN_OBJC_ROOT_CLASS = YES_ERROR;
				CLANG_WARN_RANGE_LOOP_ANALYSIS = YES;
				CLANG_WARN_STRICT_PROTOTYPES = YES;
				CLANG_WARN_SUSPICIOUS_MOVE = YES;
				CLANG_WARN_UNGUARDED_AVAILABILITY = YES_AGGRESSIVE;
				CLANG_WARN_UNREACHABLE_CODE = YES;
				CLANG_WARN__DUPLICATE_METHOD_MATCH = YES;
				CODE_SIGN_IDENTITY = "iPhone Developer";
				COPY_PHASE_STRIP = NO;
				DEBUG_INFORMATION_FORMAT = "dwarf-with-dsym";
				ENABLE_NS_ASSERTIONS = NO;
				ENABLE_STRICT_OBJC_MSGSEND = YES;
				GCC_C_LANGUAGE_STANDARD = gnu11;
				GCC_NO_COMMON_BLOCKS = YES;
				GCC_WARN_64_TO_32_BIT_CONVERSION = YES;
				GCC_WARN_ABOUT_RETURN_TYPE = YES_ERROR;
				GCC_WARN_UNDECLARED_SELECTOR = YES;
				GCC_WARN_UNINITIALIZED_AUTOS = YES_AGGRESSIVE;
				GCC_WARN_UNUSED_FUNCTION = YES;
				GCC_WARN_UNUSED_VARIABLE = YES;
				IPHONEOS_DEPLOYMENT_TARGET = 11.4;
				MTL_ENABLE_DEBUG_INFO = NO;
				SDKROOT = iphoneos;
				SWIFT_COMPILATION_MODE = wholemodule;
				SWIFT_OPTIMIZATION_LEVEL = "-O";
				VALIDATE_PRODUCT = YES;
			};
			name = Release;
		};
		834BB7662113B77C0072069F /* Debug */ = {
			isa = XCBuildConfiguration;
			baseConfigurationReference = 18E9432E58ACC78BD57D3A8B /* Pods-PhotoApp2.debug.xcconfig */;
			buildSettings = {
				ASSETCATALOG_COMPILER_APPICON_NAME = AppIcon;
				CODE_SIGN_STYLE = Automatic;
				DEVELOPMENT_TEAM = Q5VP47U88X;
				INFOPLIST_FILE = PhotoApp2/Info.plist;
				LD_RUNPATH_SEARCH_PATHS = (
					"$(inherited)",
					"@executable_path/Frameworks",
				);
				PRODUCT_BUNDLE_IDENTIFIER = com.kuronumastudios.PhotoApp2;
				PRODUCT_NAME = "$(TARGET_NAME)";
				SWIFT_VERSION = 4.0;
				TARGETED_DEVICE_FAMILY = "1,2";
			};
			name = Debug;
		};
		834BB7672113B77C0072069F /* Release */ = {
			isa = XCBuildConfiguration;
			baseConfigurationReference = BB01B507BBEA8A9B54F5E11E /* Pods-PhotoApp2.release.xcconfig */;
			buildSettings = {
				ASSETCATALOG_COMPILER_APPICON_NAME = AppIcon;
				CODE_SIGN_STYLE = Automatic;
				DEVELOPMENT_TEAM = Q5VP47U88X;
				INFOPLIST_FILE = PhotoApp2/Info.plist;
				LD_RUNPATH_SEARCH_PATHS = (
					"$(inherited)",
					"@executable_path/Frameworks",
				);
				PRODUCT_BUNDLE_IDENTIFIER = com.kuronumastudios.PhotoApp2;
				PRODUCT_NAME = "$(TARGET_NAME)";
				SWIFT_VERSION = 4.0;
				TARGETED_DEVICE_FAMILY = "1,2";
			};
			name = Release;
		};
/* End XCBuildConfiguration section */

/* Begin XCConfigurationList section */
		834BB74E2113B77B0072069F /* Build configuration list for PBXProject "PhotoApp2" */ = {
			isa = XCConfigurationList;
			buildConfigurations = (
				834BB7632113B77C0072069F /* Debug */,
				834BB7642113B77C0072069F /* Release */,
			);
			defaultConfigurationIsVisible = 0;
			defaultConfigurationName = Release;
		};
		834BB7652113B77C0072069F /* Build configuration list for PBXNativeTarget "PhotoApp2" */ = {
			isa = XCConfigurationList;
			buildConfigurations = (
				834BB7662113B77C0072069F /* Debug */,
				834BB7672113B77C0072069F /* Release */,
			);
			defaultConfigurationIsVisible = 0;
			defaultConfigurationName = Release;
		};
/* End XCConfigurationList section */
	};
	rootObject = 834BB74B2113B77B0072069F /* Project object */;
}
